
Microsoft Visual Studio Solution File, Format Version 12.00
# Visual Studio Version 17
VisualStudioVersion = 17.5.33516.290
MinimumVisualStudioVersion = 10.0.40219.1
Project("{9A19103F-16F7-4668-BE54-9A1E7A4F7556}") = "LuwasBackend", "Luwa'sBackend\LuwasBackend.csproj", "{EB5EF04A-CB3A-4597-9F72-EDD27D45B760}"
EndProject
Global
	GlobalSection(SolutionConfigurationPlatforms) = preSolution
		Debug|Any CPU = Debug|Any CPU
		Release|Any CPU = Release|Any CPU
	EndGlobalSection
	GlobalSection(ProjectConfigurationPlatforms) = postSolution
		{EB5EF04A-CB3A-4597-9F72-EDD27D45B760}.Debug|Any CPU.ActiveCfg = Debug|Any CPU
		{EB5EF04A-CB3A-4597-9F72-EDD27D45B760}.Debug|Any CPU.Build.0 = Debug|Any CPU
		{EB5EF04A-CB3A-4597-9F72-EDD27D45B760}.Release|Any CPU.ActiveCfg = Release|Any CPU
		{EB5EF04A-CB3A-4597-9F72-EDD27D45B760}.Release|Any CPU.Build.0 = Release|Any CPU
	EndGlobalSection
	GlobalSection(SolutionProperties) = preSolution
		HideSolutionNode = FALSE
	EndGlobalSection
	GlobalSection(ExtensibilityGlobals) = postSolution
		SolutionGuid = {73B6BF2D-0613-4108-9D5D-8E04A31E9112}
	EndGlobalSection
EndGlobal
